
Microsoft Visual Studio Solution File, Format Version 12.00
# Visual Studio Version 16
VisualStudioVersion = 16.6.30114.105
MinimumVisualStudioVersion = 10.0.40219.1
Project("{FAE04EC0-301F-11D3-BF4B-00C04F79EFBC}") = "Gravatar", "Gravatar\Gravatar.csproj", "{552BA0F6-CD60-4713-8080-31509E40E1DE}"
EndProject
Project("{FAE04EC0-301F-11D3-BF4B-00C04F79EFBC}") = "Gravatar.Tests", "Gravatar.Tests\Gravatar.Tests.csproj", "{597BFC83-BA5A-40F5-8B4E-AA17A3AD928B}"
EndProject
Global
	GlobalSection(SolutionConfigurationPlatforms) = preSolution
		Debug|Any CPU = Debug|Any CPU
		Debug|x64 = Debug|x64
		Debug|x86 = Debug|x86
		Release|Any CPU = Release|Any CPU
		Release|x64 = Release|x64
		Release|x86 = Release|x86
	EndGlobalSection
	GlobalSection(SolutionProperties) = preSolution
		HideSolutionNode = FALSE
	EndGlobalSection
	GlobalSection(ProjectConfigurationPlatforms) = postSolution
		{552BA0F6-CD60-4713-8080-31509E40E1DE}.Debug|Any CPU.ActiveCfg = Debug|Any CPU
		{552BA0F6-CD60-4713-8080-31509E40E1DE}.Debug|Any CPU.Build.0 = Debug|Any CPU
		{552BA0F6-CD60-4713-8080-31509E40E1DE}.Debug|x64.ActiveCfg = Debug|Any CPU
		{552BA0F6-CD60-4713-8080-31509E40E1DE}.Debug|x64.Build.0 = Debug|Any CPU
		{552BA0F6-CD60-4713-8080-31509E40E1DE}.Debug|x86.ActiveCfg = Debug|Any CPU
		{552BA0F6-CD60-4713-8080-31509E40E1DE}.Debug|x86.Build.0 = Debug|Any CPU
		{552BA0F6-CD60-4713-8080-31509E40E1DE}.Release|Any CPU.ActiveCfg = Release|Any CPU
		{552BA0F6-CD60-4713-8080-31509E40E1DE}.Release|Any CPU.Build.0 = Release|Any CPU
		{552BA0F6-CD60-4713-8080-31509E40E1DE}.Release|x64.ActiveCfg = Release|Any CPU
		{552BA0F6-CD60-4713-8080-31509E40E1DE}.Release|x64.Build.0 = Release|Any CPU
		{552BA0F6-CD60-4713-8080-31509E40E1DE}.Release|x86.ActiveCfg = Release|Any CPU
		{552BA0F6-CD60-4713-8080-31509E40E1DE}.Release|x86.Build.0 = Release|Any CPU
		{597BFC83-BA5A-40F5-8B4E-AA17A3AD928B}.Debug|Any CPU.ActiveCfg = Debug|Any CPU
		{597BFC83-BA5A-40F5-8B4E-AA17A3AD928B}.Debug|Any CPU.Build.0 = Debug|Any CPU
		{597BFC83-BA5A-40F5-8B4E-AA17A3AD928B}.Debug|x64.ActiveCfg = Debug|Any CPU
		{597BFC83-BA5A-40F5-8B4E-AA17A3AD928B}.Debug|x64.Build.0 = Debug|Any CPU
		{597BFC83-BA5A-40F5-8B4E-AA17A3AD928B}.Debug|x86.ActiveCfg = Debug|Any CPU
		{597BFC83-BA5A-40F5-8B4E-AA17A3AD928B}.Debug|x86.Build.0 = Debug|Any CPU
		{597BFC83-BA5A-40F5-8B4E-AA17A3AD928B}.Release|Any CPU.ActiveCfg = Release|Any CPU
		{597BFC83-BA5A-40F5-8B4E-AA17A3AD928B}.Release|Any CPU.Build.0 = Release|Any CPU
		{597BFC83-BA5A-40F5-8B4E-AA17A3AD928B}.Release|x64.ActiveCfg = Release|Any CPU
		{597BFC83-BA5A-40F5-8B4E-AA17A3AD928B}.Release|x64.Build.0 = Release|Any CPU
		{597BFC83-BA5A-40F5-8B4E-AA17A3AD928B}.Release|x86.ActiveCfg = Release|Any CPU
		{597BFC83-BA5A-40F5-8B4E-AA17A3AD928B}.Release|x86.Build.0 = Release|Any CPU
	EndGlobalSection
EndGlobal
